
Microsoft Visual Studio Solution File, Format Version 12.00
# Visual Studio Version 16
VisualStudioVersion = 16.0.31729.503
MinimumVisualStudioVersion = 10.0.40219.1
Project("{FAE04EC0-301F-11D3-BF4B-00C04F79EFBC}") = "controleCaixa", "controleCaixa\controleCaixa.csproj", "{FA3836A4-52D1-44AF-884C-5BDEE3E430A7}"
EndProject
Global
	GlobalSection(SolutionConfigurationPlatforms) = preSolution
		Debug|Any CPU = Debug|Any CPU
		Release|Any CPU = Release|Any CPU
	EndGlobalSection
	GlobalSection(ProjectConfigurationPlatforms) = postSolution
		{FA3836A4-52D1-44AF-884C-5BDEE3E430A7}.Debug|Any CPU.ActiveCfg = Debug|Any CPU
		{FA3836A4-52D1-44AF-884C-5BDEE3E430A7}.Debug|Any CPU.Build.0 = Debug|Any CPU
		{FA3836A4-52D1-44AF-884C-5BDEE3E430A7}.Release|Any CPU.ActiveCfg = Release|Any CPU
		{FA3836A4-52D1-44AF-884C-5BDEE3E430A7}.Release|Any CPU.Build.0 = Release|Any CPU
	EndGlobalSection
	GlobalSection(SolutionProperties) = preSolution
		HideSolutionNode = FALSE
	EndGlobalSection
	GlobalSection(ExtensibilityGlobals) = postSolution
		SolutionGuid = {30E2FCF0-B01B-42C6-9DC6-A67F8B8097B9}
	EndGlobalSection
EndGlobal
